
Microsoft Visual Studio Solution File, Format Version 12.00
# Visual Studio Version 16
VisualStudioVersion = 16.0.32002.261
MinimumVisualStudioVersion = 10.0.40219.1
Project("{FAE04EC0-301F-11D3-BF4B-00C04F79EFBC}") = "E-Journal", "E-Journal\E-Journal.csproj", "{1FD860C0-8FE8-4BB8-A3BD-375E63B08BD7}"
EndProject
Global
	GlobalSection(SolutionConfigurationPlatforms) = preSolution
		Debug|Any CPU = Debug|Any CPU
		Release|Any CPU = Release|Any CPU
	EndGlobalSection
	GlobalSection(ProjectConfigurationPlatforms) = postSolution
		{1FD860C0-8FE8-4BB8-A3BD-375E63B08BD7}.Debug|Any CPU.ActiveCfg = Debug|Any CPU
		{1FD860C0-8FE8-4BB8-A3BD-375E63B08BD7}.Debug|Any CPU.Build.0 = Debug|Any CPU
		{1FD860C0-8FE8-4BB8-A3BD-375E63B08BD7}.Release|Any CPU.ActiveCfg = Release|Any CPU
		{1FD860C0-8FE8-4BB8-A3BD-375E63B08BD7}.Release|Any CPU.Build.0 = Release|Any CPU
	EndGlobalSection
	GlobalSection(SolutionProperties) = preSolution
		HideSolutionNode = FALSE
	EndGlobalSection
	GlobalSection(ExtensibilityGlobals) = postSolution
		SolutionGuid = {73BD70AC-F09D-4281-B2AB-25495D930AA7}
	EndGlobalSection
EndGlobal
